version = 1
revision = 3
requires-python = ">=3.10"

[[package]]
name = "attrs"
version = "23.2.0"
source = { registry = "https://pypi.org/simple" }
sdist = { url = "https://files.pythonhosted.org/packages/e3/fc/f800d51204003fa8ae392c4e8278f256206e7a919b708eef054f5f4b650d/attrs-23.2.0.tar.gz", hash = "sha256:935dc3b529c262f6cf76e50877d35a4bd3c1de194fd41f47a2b7ae8f19971f30", size = 780820, upload-time = "2023-12-31T06:30:32.926Z" }
wheels = [
    { url = "https://files.pythonhosted.org/packages/e0/44/827b2a91a5816512fcaf3cc4ebc465ccd5d598c45cefa6703fcf4a79018f/attrs-23.2.0-py3-none-any.whl", hash = "sha256:99b87a485a5820b23b879f04c2305b44b951b502fd64be915879d77a7e8fc6f1", size = 60752, upload-time = "2023-12-31T06:30:30.772Z" },
]

[[package]]
name = "certifi"
version = "2023.11.17"
source = { registry = "https://pypi.org/simple" }
sdist = { url = "https://files.pythonhosted.org/packages/d4/91/c89518dd4fe1f3a4e3f6ab7ff23cb00ef2e8c9adf99dacc618ad5e068e28/certifi-2023.11.17.tar.gz", hash = "sha256:9b469f3a900bf28dc19b8cfbf8019bf47f7fdd1a65a1d4ffb98fc14166beb4d1", size = 163637, upload-time = "2023-11-18T02:54:02.397Z" }
wheels = [
    { url = "https://files.pythonhosted.org/packages/64/62/428ef076be88fa93716b576e4a01f919d25968913e817077a386fcbe4f42/certifi-2023.11.17-py3-none-any.whl", hash = "sha256:e036ab49d5b79556f99cfc2d9320b34cfbe5be05c5871b51de9329f0603b0474", size = 162530, upload-time = "2023-11-18T02:54:00.083Z" },
]

[[package]]
name = "cffi"
version = "2.1.1"
source = { registry = "https://pypi.org/simple" }
dependencies = [
    { name = "pycparser", marker = "implementation_name != 'PyPy'" },
]
sdist = { url = "https://files.pythonhosted.org/packages/9e/ef/008a1939e372c06329a3fce4279c02f328488f3526744906eeec3da7ad5f/cffi-2.1.1.tar.gz", hash = "sha256:dd31f52ea1086513bb9df30f8fcee9b8918323ae067a3d5b78bc826a000712be", size = 530807, upload-time = "2026-08-03T21:21:18.939Z" }
wheels = [
    { url = "https://files.pythonhosted.org/packages/99/7f/040f9e163e4acac3ee3d85b02d00b2576e7ca980d8785f0a3a5f1a9bf7f5/cffi-2.1.1-cp310-cp310-win32.whl", hash = "sha256:7ce713ace7c0e4520535b42b77eaa742c16dab813978064913e5a3cf82973b41", size = 174578, upload-time = "2026-08-03T21:19:27.338Z" },
    { url = "https://files.pythonhosted.org/packages/ba/0b/644a2ec1a4eaba49c2939410bb1eb1d25b09d6d0582f5d2f95c537043725/cffi-2.1.1-cp310-cp310-win_amd64.whl", hash = "sha256:a48d62ab9d6f4f98c983223a547af44be6ca3691074c31cecced6facd3ba2dc1", size = 185082, upload-time = "2026-08-03T21:19:28.409Z" },
    { url = "https://files.pythonhosted.org/packages/db/e2/7e8109f65445bdc673a7b54f02c677de462db75674220fd1335efc8eb598/cffi-2.1.1-cp311-cp311-win32.whl", hash = "sha256:f8ec5e643a9a937f64e1999eb9f75d072263751912dc5cd06d3c85f8f44be7c3", size = 174470, upload-time = "2026-08-03T21:19:41.246Z" },
    { url = "https://files.pythonhosted.org/packages/73/c0/77ba02423c2f7d7091143c45cd49e0e6575c4c1967394bb542bd923a9b74/cffi-2.1.1-cp311-cp311-win_amd64.whl", hash = "sha256:42f6930c31dc7f50732c9ae793c2786c7b6b044195967bbdde40bb9be81c4cc0", size = 185096, upload-time = "2026-08-03T21:19:42.615Z" },
    { url = "https://files.pythonhosted.org/packages/7c/47/9f1f85f9672ceda4984dc6c4f8824e8558992a2972c3d3c81fb8eb28d4ba/cffi-2.1.1-cp311-cp311-win_arm64.whl", hash = "sha256:c7659f22557c5a0bc4855cd635f55edec690cc008a40768527762cb9fb263455", size = 179941, upload-time = "2026-08-03T21:19:43.747Z" },
    { url = "https://files.pythonhosted.org/packages/80/fb/0bb75b7039588c074b37ae99f40d9bfddf990ecb2fbc346ebccd2e56b9be/cffi-2.1.1-cp312-cp312-win32.whl", hash = "sha256:046bfc24911b37851ee1b51aab8bffe713d89c68c6a057b09484ce9fd5f69b4e", size = 175292, upload-time = "2026-08-03T21:19:55.566Z" },
    { url = "https://files.pythonhosted.org/packages/d9/79/615cc094e2fb508cade7de88d3b4f6c4ec2bab695c97bce9153dc65aadf5/cffi-2.1.1-cp312-cp312-win_amd64.whl", hash = "sha256:f53e442b08449d42821fa4a4fba000095af9f62742a500f978a9f557ec44339a", size = 185919, upload-time = "2026-08-03T21:19:56.89Z" },
    { url = "https://files.pythonhosted.org/packages/70/c6/d0ea84713fe46b243a436a18fcd47d639732747e21635c8a27191b06dc30/cffi-2.1.1-cp312-cp312-win_arm64.whl", hash = "sha256:7bde5e4cc5c10140859842b9d383af292b22639a4dffb725314baf45968cef80", size = 180093, upload-time = "2026-08-03T21:19:58.155Z" },
    { url = "https://files.pythonhosted.org/packages/9d/f4/035513d4117049066b4779dc3b7c0c0fdad175fa13731c9f4003f1cd1478/cffi-2.1.1-cp313-cp313-ios_13_0_arm64_iphoneos.whl", hash = "sha256:b5bdfd1c873d4e093aabc0ca84c4ca6dbc4f752afb5c86f146d9742580c9da2e", size = 194248, upload-time = "2026-08-03T21:19:59.399Z" },
    { url = "https://files.pythonhosted.org/packages/76/af/2aeb4dbb5fc41a04161ae9ff1518de7cec08e164f44a8ce6a4cf7fd2cd1d/cffi-2.1.1-cp313-cp313-ios_13_0_arm64_iphonesimulator.whl", hash = "sha256:31348097ff5bbe827ccc41795d4dd099d9f0625e7def00ee653c137a490c2a6c", size = 196908, upload-time = "2026-08-03T21:20:00.746Z" },
    { url = "https://files.pythonhosted.org/packages/70/ea/839b50531021a647fb5e929f72cf97bc1ff702b5472166164b5b6e76b851/cffi-2.1.1-cp313-cp313-win32.whl", hash = "sha256:334644fbac4eff73d985a17a91226df55d0f394160c4cfb880e084c8f7161cac", size = 175263, upload-time = "2026-08-03T21:20:13.559Z" },
    { url = "https://files.pythonhosted.org/packages/60/a6/8b149b2c3f2e11aaa1618ef64500b45f50f22c57a977a4dff1aff1f91042/cffi-2.1.1-cp313-cp313-win_amd64.whl", hash = "sha256:1aa5645c30469b09530c4ebca77ebf8f17618293c58f8549cb1a543a50236e7d", size = 185688, upload-time = "2026-08-03T21:20:14.69Z" },
    { url = "https://files.pythonhosted.org/packages/01/9a/11f687cb39d6a3504060d5242f04f48c735afb4d3d533958a20594890cb2/cffi-2.1.1-cp313-cp313-win_arm64.whl", hash = "sha256:63bbfd5ded17c4840ac07cd8f1c21ba9d9708141f840b324f422f41b207e3973", size = 180078, upload-time = "2026-08-03T21:20:15.917Z" },
    { url = "https://files.pythonhosted.org/packages/d3/7b/d6bbf82b8b96e7391438898c42f5bd96dd02030fd5b64937d248220003e2/cffi-2.1.1-cp314-cp314-ios_13_0_arm64_iphoneos.whl", hash = "sha256:7dbb61fe3a7699468030f71bbe5f8a0e326a151daa91beb11a6fc1f980c55e1c", size = 194064, upload-time = "2026-08-03T21:20:17.148Z" },
    { url = "https://files.pythonhosted.org/packages/94/e6/bcc91b283be94735e268487a054004f0aa19947b6348fa367db53230abc8/cffi-2.1.1-cp314-cp314-ios_13_0_arm64_iphonesimulator.whl", hash = "sha256:f24fb43132a4c6b4cb4eb029492919b2db645be6808d738f244fd146c03c32cb", size = 196720, upload-time = "2026-08-03T21:20:18.268Z" },
    { url = "https://files.pythonhosted.org/packages/0b/e9/d0061c364cde06ee43168a0d076ac1da512cbc380d44767b844ba34fe2b6/cffi-2.1.1-cp314-cp314-win32.whl", hash = "sha256:1a18a57b58cfb21fc28d72e876acf10eaed67a1ed96226f92af4df681d571c4c", size = 177682, upload-time = "2026-08-03T21:20:44.288Z" },
    { url = "https://files.pythonhosted.org/packages/a7/06/1c3e01e3ba14c39f6d10bfbac52753b7e22259e38088e5cfe1d704918690/cffi-2.1.1-cp314-cp314-win_amd64.whl", hash = "sha256:3222ba5d678f80a030e6afbcc33dc1ae5cb45facabb61cee2c7016b8432fde48", size = 187949, upload-time = "2026-08-03T21:20:45.623Z" },
    { url = "https://files.pythonhosted.org/packages/87/5b/da4e39efe18eeb89cf580ea9cfc66b6a7c3eadb808fc0cc1d3a295cb5a5d/cffi-2.1.1-cp314-cp314-win_arm64.whl", hash = "sha256:ab36d55f9ed2d067327667c2fea18dda018eb628dd6347aa01dda6cf1f5d3836", size = 182947, upload-time = "2026-08-03T21:20:46.955Z" },
    { url = "https://files.pythonhosted.org/packages/eb/d2/3b7176cb570a1d3e27faf67b72f591af508036e0d8b2be2ef9af9e8c84bb/cffi-2.1.1-cp314-cp314t-win32.whl", hash = "sha256:8ef53b2de9bcb9197d31854256575d59dbac0cba72ac627bb291ef5eceb74be4", size = 182868, upload-time = "2026-08-03T21:20:40.388Z" },
    { url = "https://files.pythonhosted.org/packages/56/78/31f00c1bcd97c9bbf55f1bfdf5bc809a5de8887473e90bb9960dca825e80/cffi-2.1.1-cp314-cp314t-win_amd64.whl", hash = "sha256:616f097f2fe415bc92a247f02e11f634e1f9e9a83d327e3c915c15089c87869e", size = 194104, upload-time = "2026-08-03T21:20:41.725Z" },
    { url = "https://files.pythonhosted.org/packages/7b/1b/58496f2ed0a35de575250c02a43ab3cc2c04d494a88fed31c1cabc0fd176/cffi-2.1.1-cp314-cp314t-win_arm64.whl", hash = "sha256:ad2c86c495b899d862ea0f4b42891b8713a3bd45dd4105c7fd51c2a72f39f3a5", size = 186402, upload-time = "2026-08-03T21:20:43.042Z" },
    { url = "https://files.pythonhosted.org/packages/c1/8f/9ebe220eab48a093d1a5a5e339ab0dc7316eef3bb04d63c42f0251b61f50/cffi-2.1.1-cp315-cp315-ios_13_0_arm64_iphoneos.whl", hash = "sha256:dddad92b554513a31f272570678ba307fb9f618f05e3d4a5eacafff9eae03e1d", size = 194043, upload-time = "2026-08-03T21:20:48.179Z" },
    { url = "https://files.pythonhosted.org/packages/ff/69/844bad3ece306c4782c2ecb93597035b6690d48704b803914c199da1e8b3/cffi-2.1.1-cp315-cp315-ios_13_0_arm64_iphonesimulator.whl", hash = "sha256:da0e573f9f97159390c89d9f1a9e41908b66d408cc5b58d08cf3847d844c531b", size = 196737, upload-time = "2026-08-03T21:20:49.457Z" },
    { url = "https://files.pythonhosted.org/packages/f8/7e/8debeb04f1ab9fe2a6963964cd6f1aaf7192627b83926586a6a4e089c9fa/cffi-2.1.1-cp315-cp315-win32.whl", hash = "sha256:4f42141fc14250de6dde5ee7ea4432be017252d91f19c5ad043c084cea629cac", size = 177683, upload-time = "2026-08-03T21:21:14.901Z" },
    { url = "https://files.pythonhosted.org/packages/e0/31/5158704cc474ab65c1647932e88be78dc0873f47130e253be38bcaf13d01/cffi-2.1.1-cp315-cp315-win_amd64.whl", hash = "sha256:e6e8cff14d6fb0be70a09c0bdc58096f501952d04624ebf867e0e56da2df8960", size = 187897, upload-time = "2026-08-03T21:21:16.108Z" },
    { url = "https://files.pythonhosted.org/packages/cc/4b/b3a2da8570c704ffc0f9762cdc3ec0f02c8573798e0b5cf7f11c82bbb70f/cffi-2.1.1-cp315-cp315-win_arm64.whl", hash = "sha256:27350daa11d4f10c540e6e89dada4c54feb7256ad03e9a4dc075ebad7ba360d1", size = 182935, upload-time = "2026-08-03T21:21:17.271Z" },
    { url = "https://files.pythonhosted.org/packages/6d/cd/a361394c94b2129d604bb846f624a8e88255a3ee33129c434a00d715e64f/cffi-2.1.1-cp315-cp315t-win32.whl", hash = "sha256:06c72bb76605a4b0cd0aad6930b69d4baf7dd5d806cfc409b824191099700e66", size = 182707, upload-time = "2026-08-03T21:21:11.226Z" },
    { url = "https://files.pythonhosted.org/packages/9b/b5/ba2b299993c26577d529b6ae29841f9e15b9fcf004d65f423f4fcf94ade9/cffi-2.1.1-cp315-cp315t-win_amd64.whl", hash = "sha256:d9c275eaacd24aa73f94ffd6de08fc3f932424d8b6c376f4bed7cde376fe7bc3", size = 193772, upload-time = "2026-08-03T21:21:12.39Z" },
    { url = "https://files.pythonhosted.org/packages/aa/29/35e016098c814cd93de9cd320c66b5bfba14dc6ecedd3cb518fa7c408c69/cffi-2.1.1-cp315-cp315t-win_arm64.whl", hash = "sha256:d18e5ac0f2f03f4f518d3e23db0f0cad7faa1da8620e9c09461d443bbf6e6692", size = 186360, upload-time = "2026-08-03T21:21:13.636Z" },
]

[[package]]
name = "charset-normalizer"
version = "3.3.2"
source = { registry = "https://pypi.org/simple" }
sdist = { url = "https://files.pythonhosted.org/packages/63/09/c1bc53dab74b1816a00d8d030de5bf98f724c52c1635e07681d312f20be8/charset-normalizer-3.3.2.tar.gz", hash = "sha256:f30c3cb33b24454a82faecaf01b19c18562b1e89558fb6c56de4d9118a032fd5", size = 104809, upload-time = "2023-11-01T04:04:59.997Z" }
wheels = [
    { url = "https://files.pythonhosted.org/packages/2b/61/095a0aa1a84d1481998b534177c8566fdc50bb1233ea9a0478cd3cc075bd/charset_normalizer-3.3.2-cp310-cp310-macosx_10_9_universal2.whl", hash = "sha256:25baf083bf6f6b341f4121c2f3c548875ee6f5339300e08be3f2b2ba1721cdd3", size = 194219, upload-time = "2023-11-01T04:02:29.048Z" },
    { url = "https://files.pythonhosted.org/packages/cc/94/f7cf5e5134175de79ad2059edf2adce18e0685ebdb9227ff0139975d0e93/charset_normalizer-3.3.2-cp310-cp310-macosx_10_9_x86_64.whl", hash = "sha256:06435b539f889b1f6f4ac1758871aae42dc3a8c0e24ac9e60c2384973ad73027", size = 122521, upload-time = "2023-11-01T04:02:32.452Z" },
    { url = "https://files.pythonhosted.org/packages/46/6a/d5c26c41c49b546860cc1acabdddf48b0b3fb2685f4f5617ac59261b44ae/charset_normalizer-3.3.2-cp310-cp310-macosx_11_0_arm64.whl", hash = "sha256:9063e24fdb1e498ab71cb7419e24622516c4a04476b17a2dab57e8baa30d6e03", size = 120383, upload-time = "2023-11-01T04:02:34.11Z" },
    { url = "https://files.pythonhosted.org/packages/b8/60/e2f67915a51be59d4539ed189eb0a2b0d292bf79270410746becb32bc2c3/charset_normalizer-3.3.2-cp310-cp310-manylinux_2_17_aarch64.manylinux2014_aarch64.whl", hash = "sha256:6897af51655e3691ff853668779c7bad41579facacf5fd7253b0133308cf000d", size = 138223, upload-time = "2023-11-01T04:02:36.213Z" },
    { url = "https://files.pythonhosted.org/packages/05/8c/eb854996d5fef5e4f33ad56927ad053d04dc820e4a3d39023f35cad72617/charset_normalizer-3.3.2-cp310-cp310-manylinux_2_17_ppc64le.manylinux2014_ppc64le.whl", hash = "sha256:1d3193f4a680c64b4b6a9115943538edb896edc190f0b222e73761716519268e", size = 148101, upload-time = "2023-11-01T04:02:38.067Z" },
    { url = "https://files.pythonhosted.org/packages/f6/93/bb6cbeec3bf9da9b2eba458c15966658d1daa8b982c642f81c93ad9b40e1/charset_normalizer-3.3.2-cp310-cp310-manylinux_2_17_s390x.manylinux2014_s390x.whl", hash = "sha256:cd70574b12bb8a4d2aaa0094515df2463cb429d8536cfb6c7ce983246983e5a6", size = 140699, upload-time = "2023-11-01T04:02:39.436Z" },
    { url = "https://files.pythonhosted.org/packages/da/f1/3702ba2a7470666a62fd81c58a4c40be00670e5006a67f4d626e57f013ae/charset_normalizer-3.3.2-cp310-cp310-manylinux_2_17_x86_64.manylinux2014_x86_64.whl", hash = "sha256:8465322196c8b4d7ab6d1e049e4c5cb460d0394da4a27d23cc242fbf0034b6b5", size = 142065, upload-time = "2023-11-01T04:02:41.357Z" },
    { url = "https://files.pythonhosted.org/packages/3f/ba/3f5e7be00b215fa10e13d64b1f6237eb6ebea66676a41b2bcdd09fe74323/charset_normalizer-3.3.2-cp310-cp310-manylinux_2_5_i686.manylinux1_i686.manylinux_2_17_i686.manylinux2014_i686.whl", hash = "sha256:a9a8e9031d613fd2009c182b69c7b2c1ef8239a0efb1df3f7c8da66d5dd3d537", size = 144505, upload-time = "2023-11-01T04:02:43.108Z" },
    { url = "https://files.pythonhosted.org/packages/33/c3/3b96a435c5109dd5b6adc8a59ba1d678b302a97938f032e3770cc84cd354/charset_normalizer-3.3.2-cp310-cp310-musllinux_1_1_aarch64.whl", hash = "sha256:beb58fe5cdb101e3a055192ac291b7a21e3b7ef4f67fa1d74e331a7f2124341c", size = 139425, upload-time = "2023-11-01T04:02:45.427Z" },
    { url = "https://files.pythonhosted.org/packages/43/05/3bf613e719efe68fb3a77f9c536a389f35b95d75424b96b426a47a45ef1d/charset_normalizer-3.3.2-cp310-cp310-musllinux_1_1_i686.whl", hash = "sha256:e06ed3eb3218bc64786f7db41917d4e686cc4856944f53d5bdf83a6884432e12", size = 145287, upload-time = "2023-11-01T04:02:46.705Z" },
    { url = "https://files.pythonhosted.org/packages/58/78/a0bc646900994df12e07b4ae5c713f2b3e5998f58b9d3720cce2aa45652f/charset_normalizer-3.3.2-cp310-cp310-musllinux_1_1_ppc64le.whl", hash = "sha256:2e81c7b9c8979ce92ed306c249d46894776a909505d8f5a4ba55b14206e3222f", size = 149929, upload-time = "2023-11-01T04:02:48.098Z" },
    { url = "https://files.pythonhosted.org/packages/eb/5c/97d97248af4920bc68687d9c3b3c0f47c910e21a8ff80af4565a576bd2f0/charset_normalizer-3.3.2-cp310-cp310-musllinux_1_1_s390x.whl", hash = "sha256:572c3763a264ba47b3cf708a44ce965d98555f618ca42c926a9c1616d8f34269", size = 141605, upload-time = "2023-11-01T04:02:49.605Z" },
    { url = "https://files.pythonhosted.org/packages/a8/31/47d018ef89f95b8aded95c589a77c072c55e94b50a41aa99c0a2008a45a4/charset_normalizer-3.3.2-cp310-cp310-musllinux_1_1_x86_64.whl", hash = "sha256:fd1abc0d89e30cc4e02e4064dc67fcc51bd941eb395c502aac3ec19fab46b519", size = 142646, upload-time = "2023-11-01T04:02:51.35Z" },
    { url = "https://files.pythonhosted.org/packages/ae/d5/4fecf1d58bedb1340a50f165ba1c7ddc0400252d6832ff619c4568b36cc0/charset_normalizer-3.3.2-cp310-cp310-win32.whl", hash = "sha256:3d47fa203a7bd9c5b6cee4736ee84ca03b8ef23193c0d1ca99b5089f72645c73", size = 92846, upload-time = "2023-11-01T04:02:52.679Z" },
    { url = "https://files.pythonhosted.org/packages/a2/a0/4af29e22cb5942488cf45630cbdd7cefd908768e69bdd90280842e4e8529/charset_normalizer-3.3.2-cp310-cp310-win_amd64.whl", hash = "sha256:10955842570876604d404661fbccbc9c7e684caf432c09c715ec38fbae45ae09", size = 100343, upload-time = "2023-11-01T04:02:53.915Z" },
    { url = "https://files.pythonhosted.org/packages/68/77/02839016f6fbbf808e8b38601df6e0e66c17bbab76dff4613f7511413597/charset_normalizer-3.3.2-cp311-cp311-macosx_10_9_universal2.whl", hash = "sha256:802fe99cca7457642125a8a88a084cef28ff0cf9407060f7b93dca5aa25480db", size = 191647, upload-time = "2023-11-01T04:02:55.329Z" },
    { url = "https://files.pythonhosted.org/packages/3e/33/21a875a61057165e92227466e54ee076b73af1e21fe1b31f1e292251aa1e/charset_normalizer-3.3.2-cp311-cp311-macosx_10_9_x86_64.whl", hash = "sha256:573f6eac48f4769d667c4442081b1794f52919e7edada77495aaed9236d13a96", size = 121434, upload-time = "2023-11-01T04:02:57.173Z" },
    { url = "https://files.pythonhosted.org/packages/dd/51/68b61b90b24ca35495956b718f35a9756ef7d3dd4b3c1508056fa98d1a1b/charset_normalizer-3.3.2-cp311-cp311-macosx_11_0_arm64.whl", hash = "sha256:549a3a73da901d5bc3ce8d24e0600d1fa85524c10287f6004fbab87672bf3e1e", size = 118979, upload-time = "2023-11-01T04:02:58.442Z" },
    { url = "https://files.pythonhosted.org/packages/e4/a6/7ee57823d46331ddc37dd00749c95b0edec2c79b15fc0d6e6efb532e89ac/charset_normalizer-3.3.2-cp311-cp311-manylinux_2_17_aarch64.manylinux2014_aarch64.whl", hash = "sha256:f27273b60488abe721a075bcca6d7f3964f9f6f067c8c4c605743023d7d3944f", size = 136582, upload-time = "2023-11-01T04:02:59.776Z" },
    { url = "https://files.pythonhosted.org/packages/74/f1/0d9fe69ac441467b737ba7f48c68241487df2f4522dd7246d9426e7c690e/charset_normalizer-3.3.2-cp311-cp311-manylinux_2_17_ppc64le.manylinux2014_ppc64le.whl", hash = "sha256:1ceae2f17a9c33cb48e3263960dc5fc8005351ee19db217e9b1bb15d28c02574", size = 146645, upload-time = "2023-11-01T04:03:02.186Z" },
    { url = "https://files.pythonhosted.org/packages/05/31/e1f51c76db7be1d4aef220d29fbfa5dbb4a99165d9833dcbf166753b6dc0/charset_normalizer-3.3.2-cp311-cp311-manylinux_2_17_s390x.manylinux2014_s390x.whl", hash = "sha256:65f6f63034100ead094b8744b3b97965785388f308a64cf8d7c34f2f2e5be0c4", size = 139398, upload-time = "2023-11-01T04:03:04.255Z" },
    { url = "https://files.pythonhosted.org/packages/40/26/f35951c45070edc957ba40a5b1db3cf60a9dbb1b350c2d5bef03e01e61de/charset_normalizer-3.3.2-cp311-cp311-manylinux_2_17_x86_64.manylinux2014_x86_64.whl", hash = "sha256:753f10e867343b4511128c6ed8c82f7bec3bd026875576dfd88483c5c73b2fd8", size = 140273, upload-time = "2023-11-01T04:03:05.983Z" },
    { url = "https://files.pythonhosted.org/packages/07/07/7e554f2bbce3295e191f7e653ff15d55309a9ca40d0362fcdab36f01063c/charset_normalizer-3.3.2-cp311-cp311-manylinux_2_5_i686.manylinux1_i686.manylinux_2_17_i686.manylinux2014_i686.whl", hash = "sha256:4a78b2b446bd7c934f5dcedc588903fb2f5eec172f3d29e52a9096a43722adfc", size = 142577, upload-time = "2023-11-01T04:03:07.567Z" },
    { url = "https://files.pythonhosted.org/packages/d8/b5/eb705c313100defa57da79277d9207dc8d8e45931035862fa64b625bfead/charset_normalizer-3.3.2-cp311-cp311-musllinux_1_1_aarch64.whl", hash = "sha256:e537484df0d8f426ce2afb2d0f8e1c3d0b114b83f8850e5f2fbea0e797bd82ae", size = 137747, upload-time = "2023-11-01T04:03:08.886Z" },
    { url = "https://files.pythonhosted.org/packages/19/28/573147271fd041d351b438a5665be8223f1dd92f273713cb882ddafe214c/charset_normalizer-3.3.2-cp311-cp311-musllinux_1_1_i686.whl", hash = "sha256:eb6904c354526e758fda7167b33005998fb68c46fbc10e013ca97f21ca5c8887", size = 143375, upload-time = "2023-11-01T04:03:10.613Z" },
    { url = "https://files.pythonhosted.org/packages/cf/7c/f3b682fa053cc21373c9a839e6beba7705857075686a05c72e0f8c4980ca/charset_normalizer-3.3.2-cp311-cp311-musllinux_1_1_ppc64le.whl", hash = "sha256:deb6be0ac38ece9ba87dea880e438f25ca3eddfac8b002a2ec3d9183a454e8ae", size = 148474, upload-time = "2023-11-01T04:03:11.973Z" },
    { url = "https://files.pythonhosted.org/packages/1e/49/7ab74d4ac537ece3bc3334ee08645e231f39f7d6df6347b29a74b0537103/charset_normalizer-3.3.2-cp311-cp311-musllinux_1_1_s390x.whl", hash = "sha256:4ab2fe47fae9e0f9dee8c04187ce5d09f48eabe611be8259444906793ab7cbce", size = 140232, upload-time = "2023-11-01T04:03:13.505Z" },
    { url = "https://files.pythonhosted.org/packages/2d/dc/9dacba68c9ac0ae781d40e1a0c0058e26302ea0660e574ddf6797a0347f7/charset_normalizer-3.3.2-cp311-cp311-musllinux_1_1_x86_64.whl", hash = "sha256:80402cd6ee291dcb72644d6eac93785fe2c8b9cb30893c1af5b8fdd753b9d40f", size = 140859, upload-time = "2023-11-01T04:03:17.362Z" },
    { url = "https://files.pythonhosted.org/packages/6c/c2/4a583f800c0708dd22096298e49f887b49d9746d0e78bfc1d7e29816614c/charset_normalizer-3.3.2-cp311-cp311-win32.whl", hash = "sha256:7cd13a2e3ddeed6913a65e66e94b51d80a041145a026c27e6bb76c31a853c6ab", size = 92509, upload-time = "2023-11-01T04:03:21.453Z" },
    { url = "https://files.pythonhosted.org/packages/57/ec/80c8d48ac8b1741d5b963797b7c0c869335619e13d4744ca2f67fc11c6fc/charset_normalizer-3.3.2-cp311-cp311-win_amd64.whl", hash = "sha256:663946639d296df6a2bb2aa51b60a2454ca1cb29835324c640dafb5ff2131a77", size = 99870, upload-time = "2023-11-01T04:03:22.723Z" },
    { url = "https://files.pythonhosted.org/packages/d1/b2/fcedc8255ec42afee97f9e6f0145c734bbe104aac28300214593eb326f1d/charset_normalizer-3.3.2-cp312-cp312-macosx_10_9_universal2.whl", hash = "sha256:0b2b64d2bb6d3fb9112bafa732def486049e63de9618b5843bcdd081d8144cd8", size = 192892, upload-time = "2023-11-01T04:03:24.135Z" },
    { url = "https://files.pythonhosted.org/packages/2e/7d/2259318c202f3d17f3fe6438149b3b9e706d1070fe3fcbb28049730bb25c/charset_normalizer-3.3.2-cp312-cp312-macosx_10_9_x86_64.whl", hash = "sha256:ddbb2551d7e0102e7252db79ba445cdab71b26640817ab1e3e3648dad515003b", size = 122213, upload-time = "2023-11-01T04:03:25.66Z" },
    { url = "https://files.pythonhosted.org/packages/3a/52/9f9d17c3b54dc238de384c4cb5a2ef0e27985b42a0e5cc8e8a31d918d48d/charset_normalizer-3.3.2-cp312-cp312-macosx_11_0_arm64.whl", hash = "sha256:55086ee1064215781fff39a1af09518bc9255b50d6333f2e4c74ca09fac6a8f6", size = 119404, upload-time = "2023-11-01T04:03:27.04Z" },
    { url = "https://files.pythonhosted.org/packages/99/b0/9c365f6d79a9f0f3c379ddb40a256a67aa69c59609608fe7feb6235896e1/charset_normalizer-3.3.2-cp312-cp312-manylinux_2_17_aarch64.manylinux2014_aarch64.whl", hash = "sha256:8f4a014bc36d3c57402e2977dada34f9c12300af536839dc38c0beab8878f38a", size = 137275, upload-time = "2023-11-01T04:03:28.466Z" },
    { url = "https://files.pythonhosted.org/packages/91/33/749df346e93d7a30cdcb90cbfdd41a06026317bfbfb62cd68307c1a3c543/charset_normalizer-3.3.2-cp312-cp312-manylinux_2_17_ppc64le.manylinux2014_ppc64le.whl", hash = "sha256:a10af20b82360ab00827f916a6058451b723b4e65030c5a18577c8b2de5b3389", size = 147518, upload-time = "2023-11-01T04:03:29.82Z" },
    { url = "https://files.pythonhosted.org/packages/72/1a/641d5c9f59e6af4c7b53da463d07600a695b9824e20849cb6eea8a627761/charset_normalizer-3.3.2-cp312-cp312-manylinux_2_17_s390x.manylinux2014_s390x.whl", hash = "sha256:8d756e44e94489e49571086ef83b2bb8ce311e730092d2c34ca8f7d925cb20aa", size = 140182, upload-time = "2023-11-01T04:03:31.511Z" },
    { url = "https://files.pythonhosted.org/packages/ee/fb/14d30eb4956408ee3ae09ad34299131fb383c47df355ddb428a7331cfa1e/charset_normalizer-3.3.2-cp312-cp312-manylinux_2_17_x86_64.manylinux2014_x86_64.whl", hash = "sha256:90d558489962fd4918143277a773316e56c72da56ec7aa3dc3dbbe20fdfed15b", size = 141869, upload-time = "2023-11-01T04:03:32.887Z" },
    { url = "https://files.pythonhosted.org/packages/df/3e/a06b18788ca2eb6695c9b22325b6fde7dde0f1d1838b1792a0076f58fe9d/charset_normalizer-3.3.2-cp312-cp312-manylinux_2_5_i686.manylinux1_i686.manylinux_2_17_i686.manylinux2014_i686.whl", hash = "sha256:6ac7ffc7ad6d040517be39eb591cac5ff87416c2537df6ba3cba3bae290c0fed", size = 144042, upload-time = "2023-11-01T04:03:34.412Z" },
    { url = "https://files.pythonhosted.org/packages/45/59/3d27019d3b447a88fe7e7d004a1e04be220227760264cc41b405e863891b/charset_normalizer-3.3.2-cp312-cp312-musllinux_1_1_aarch64.whl", hash = "sha256:7ed9e526742851e8d5cc9e6cf41427dfc6068d4f5a3bb03659444b4cabf6bc26", size = 138275, upload-time = "2023-11-01T04:03:35.759Z" },
    { url = "https://files.pythonhosted.org/packages/7b/ef/5eb105530b4da8ae37d506ccfa25057961b7b63d581def6f99165ea89c7e/charset_normalizer-3.3.2-cp312-cp312-musllinux_1_1_i686.whl", hash = "sha256:8bdb58ff7ba23002a4c5808d608e4e6c687175724f54a5dade5fa8c67b604e4d", size = 144819, upload-time = "2023-11-01T04:03:37.216Z" },
    { url = "https://files.pythonhosted.org/packages/a2/51/e5023f937d7f307c948ed3e5c29c4b7a3e42ed2ee0b8cdf8f3a706089bf0/charset_normalizer-3.3.2-cp312-cp312-musllinux_1_1_ppc64le.whl", hash = "sha256:6b3251890fff30ee142c44144871185dbe13b11bab478a88887a639655be1068", size = 149415, upload-time = "2023-11-01T04:03:38.694Z" },
    { url = "https://files.pythonhosted.org/packages/24/9d/2e3ef673dfd5be0154b20363c5cdcc5606f35666544381bee15af3778239/charset_normalizer-3.3.2-cp312-cp312-musllinux_1_1_s390x.whl", hash = "sha256:b4a23f61ce87adf89be746c8a8974fe1c823c891d8f86eb218bb957c924bb143", size = 141212, upload-time = "2023-11-01T04:03:40.07Z" },
    { url = "https://files.pythonhosted.org/packages/5b/ae/ce2c12fcac59cb3860b2e2d76dc405253a4475436b1861d95fe75bdea520/charset_normalizer-3.3.2-cp312-cp312-musllinux_1_1_x86_64.whl", hash = "sha256:efcb3f6676480691518c177e3b465bcddf57cea040302f9f4e6e191af91174d4", size = 142167, upload-time = "2023-11-01T04:03:41.491Z" },
    { url = "https://files.pythonhosted.org/packages/ed/3a/a448bf035dce5da359daf9ae8a16b8a39623cc395a2ffb1620aa1bce62b0/charset_normalizer-3.3.2-cp312-cp312-win32.whl", hash = "sha256:d965bba47ddeec8cd560687584e88cf699fd28f192ceb452d1d7ee807c5597b7", size = 93041, upload-time = "2023-11-01T04:03:42.836Z" },
    { url = "https://files.pythonhosted.org/packages/b6/7c/8debebb4f90174074b827c63242c23851bdf00a532489fba57fef3416e40/charset_normalizer-3.3.2-cp312-cp312-win_amd64.whl", hash = "sha256:96b02a3dc4381e5494fad39be677abcb5e6634bf7b4fa83a6dd3112607547001", size = 100397, upload-time = "2023-11-01T04:03:44.467Z" },
    { url = "https://files.pythonhosted.org/packages/28/76/e6222113b83e3622caa4bb41032d0b1bf785250607392e1b778aca0b8a7d/charset_normalizer-3.3.2-py3-none-any.whl", hash = "sha256:3e4d1f6587322d2788836a99c69062fbb091331ec940e02d12d179c1d53e25fc", size = 48543, upload-time = "2023-11-01T04:04:58.622Z" },
]

[[package]]
name = "click"
version = "8.1.7"
source = { registry = "https://pypi.org/simple" }
dependencies = [
    { name = "colorama", marker = "sys_platform == 'win32'" },
]
sdist = { url = "https://files.pythonhosted.org/packages/96/d3/f04c7bfcf5c1862a2a5b845c6b2b360488cf47af55dfa79c98f6a6bf98b5/click-8.1.7.tar.gz", hash = "sha256:ca9853ad459e787e2192211578cc907e7594e294c7ccc834310722b41b9ca6de", size = 336121, upload-time = "2023-08-17T17:29:11.868Z" }
wheels = [
    { url = "https://files.pythonhosted.org/packages/00/2e/d53fa4befbf2cfa713304affc7ca780ce4fc1fd8710527771b58311a3229/click-8.1.7-py3-none-any.whl", hash = "sha256:ae74fb96c20a0277a1d615f1e4d73c8414f5a98db8b799a7931d1582f3390c28", size = 97941, upload-time = "2023-08-17T17:29:10.08Z" },
]

[[package]]
name = "colorama"
version = "0.4.6"
source = { registry = "https://pypi.org/simple" }
sdist = { url = "https://files.pythonhosted.org/packages/d8/53/6f443c9a4a8358a93a6792e2acffb9d9d5cb0a5cfd8802644b7b1c9a02e4/colorama-0.4.6.tar.gz", hash = "sha256:08695f5cb7ed6e0531a20572697297273c47b8cae5a63ffc6d6ed5c201be6e44", size = 27697, upload-time = "2022-10-25T02:36:22.414Z" }
wheels = [
    { url = "https://files.pythonhosted.org/packages/d1/d6/3965ed04c63042e047cb6a3e6ed1a63a35087b6a609aa3a15ed8ac56c221/colorama-0.4.6-py2.py3-none-any.whl", hash = "sha256:4f1d9991f5acc0ca119f9d443620b77f9d6b33703e51011c16baf57afb285fc6", size = 25335, upload-time = "2022-10-25T02:36:20.889Z" },
]

[[package]]
name = "exceptiongroup"
version = "1.2.0"
source = { registry = "https://pypi.org/simple" }
sdist = { url = "https://files.pythonhosted.org/packages/8e/1c/beef724eaf5b01bb44b6338c8c3494eff7cab376fab4904cfbbc3585dc79/exceptiongroup-1.2.0.tar.gz", hash = "sha256:91f5c769735f051a4290d52edd0858999b57e5876e9f85937691bd4c9fa3ed68", size = 26264, upload-time = "2023-11-21T08:42:17.407Z" }
wheels = [
    { url = "https://files.pythonhosted.org/packages/b8/9a/5028fd52db10e600f1c4674441b968cf2ea4959085bfb5b99fb1250e5f68/exceptiongroup-1.2.0-py3-none-any.whl", hash = "sha256:4bfd3996ac73b41e9b9628b04e079f193850720ea5945fc96a08633c66912f14", size = 16210, upload-time = "2023-11-21T08:42:15.525Z" },
]

[[package]]
name = "h11"
version = "0.14.0"
source = { registry = "https://pypi.org/simple" }
sdist = { url = "https://files.pythonhosted.org/packages/f5/38/3af3d3633a34a3316095b39c8e8fb4853a28a536e55d347bd8d8e9a14b03/h11-0.14.0.tar.gz", hash = "sha256:8f19fbbe99e72420ff35c00b27a34cb9937e902a8b810e2c88300c6f0a3b699d", size = 100418, upload-time = "2022-09-25T15:40:01.519Z" }
wheels = [
    { url = "https://files.pythonhosted.org/packages/95/04/ff642e65ad6b90db43e668d70ffb6736436c7ce41fcc549f4e9472234127/h11-0.14.0-py3-none-any.whl", hash = "sha256:e3fe4ac4b851c468cc8363d500db52c2ead036020723024a109d37346efaa761", size = 58259, upload-time = "2022-09-25T15:39:59.68Z" },
]

[[package]]
name = "idna"
version = "3.6"
source = { registry = "https://pypi.org/simple" }
sdist = { url = "https://files.pythonhosted.org/packages/bf/3f/ea4b9117521a1e9c50344b909be7886dd00a519552724809bb1f486986c2/idna-3.6.tar.gz", hash = "sha256:9ecdbbd083b06798ae1e86adcbfe8ab1479cf864e4ee30fe4e46a003d12491ca", size = 175426, upload-time = "2023-11-25T15:40:54.902Z" }
wheels = [
    { url = "https://files.pythonhosted.org/packages/c2/e7/a82b05cf63a603df6e68d59ae6a68bf5064484a0718ea5033660af4b54a9/idna-3.6-py3-none-any.whl", hash = "sha256:c05567e9c24a6b9faaa835c4821bad0590fbb9d5779e7caa6e1cc4978e7eb24f", size = 61567, upload-time = "2023-11-25T15:40:52.604Z" },
]

[[package]]
name = "iniconfig"
version = "2.0.0"
source = { registry = "https://pypi.org/simple" }
sdist = { url = "https://files.pythonhosted.org/packages/d7/4b/cbd8e699e64a6f16ca3a8220661b5f83792b3017d0f79807cb8708d33913/iniconfig-2.0.0.tar.gz", hash = "sha256:2d91e135bf72d31a410b17c16da610a82cb55f6b0477d1a902134b24a455b8b3", size = 4646, upload-time = "2023-01-07T11:08:11.254Z" }
wheels = [
    { url = "https://files.pythonhosted.org/packages/ef/a6/62565a6e1cf69e10f5727360368e451d4b7f58beeac6173dc9db836a5b46/iniconfig-2.0.0-py3-none-any.whl", hash = "sha256:b6a85871a79d2e3b22d2d1b94ac2824226a63c6b741c88f7ae975f18b6778374", size = 5892, upload-time = "2023-01-07T11:08:09.864Z" },
]

[[package]]
name = "outcome"
version = "1.3.0.post0"
source = { registry = "https://pypi.org/simple" }
dependencies = [
    { name = "attrs" },
]
sdist = { url = "https://files.pythonhosted.org/packages/98/df/77698abfac98571e65ffeb0c1fba8ffd692ab8458d617a0eed7d9a8d38f2/outcome-1.3.0.post0.tar.gz", hash = "sha256:9dcf02e65f2971b80047b377468e72a268e15c0af3cf1238e6ff14f7f91143b8", size = 21060, upload-time = "2023-10-26T04:26:04.361Z" }
wheels = [
    { url = "https://files.pythonhosted.org/packages/55/8b/5ab7257531a5d830fc8000c476e63c935488d74609b50f9384a643ec0a62/outcome-1.3.0.post0-py2.py3-none-any.whl", hash = "sha256:e771c5ce06d1415e356078d3bdd68523f284b4ce5419828922b6871e65eda82b", size = 10692, upload-time = "2023-10-26T04:26:02.532Z" },
]

[[package]]
name = "packaging"
version = "23.2"
source = { registry = "https://pypi.org/simple" }
sdist = { url = "https://files.pythonhosted.org/packages/fb/2b/9b9c33ffed44ee921d0967086d653047286054117d584f1b1a7c22ceaf7b/packaging-23.2.tar.gz", hash = "sha256:048fb0e9405036518eaaf48a55953c750c11e1a1b68e0dd1a9d62ed0c092cfc5", size = 146714, upload-time = "2023-10-01T13:50:05.279Z" }
wheels = [
    { url = "https://files.pythonhosted.org/packages/ec/1a/610693ac4ee14fcdf2d9bf3c493370e4f2ef7ae2e19217d7a237ff42367d/packaging-23.2-py3-none-any.whl", hash = "sha256:8c491190033a9af7e1d931d0b5dacc2ef47509b34dd0de67ed209b5203fc88c7", size = 53011, upload-time = "2023-10-01T13:50:03.745Z" },
]

[[package]]
name = "pluggy"
version = "1.3.0"
source = { registry = "https://pypi.org/simple" }
sdist = { url = "https://files.pythonhosted.org/packages/36/51/04defc761583568cae5fd533abda3d40164cbdcf22dee5b7126ffef68a40/pluggy-1.3.0.tar.gz", hash = "sha256:cf61ae8f126ac6f7c451172cf30e3e43d3ca77615509771b3a984a0730651e12", size = 63670, upload-time = "2023-08-26T19:10:20.544Z" }
wheels = [
    { url = "https://files.pythonhosted.org/packages/05/b8/42ed91898d4784546c5f06c60506400548db3f7a4b3fb441cba4e5c17952/pluggy-1.3.0-py3-none-any.whl", hash = "sha256:d89c696a773f8bd377d18e5ecda92b7a3793cbe66c87060a6fb58c7b6e1061f7", size = 18934, upload-time = "2023-08-26T19:10:18.887Z" },
]

[[package]]
name = "pychrome"
version = "0.2.4"
source = { registry = "https://pypi.org/simple" }
dependencies = [
    { name = "click" },
    { name = "requests" },
    { name = "websocket-client" },
]
sdist = { url = "https://files.pythonhosted.org/packages/77/5e/e51089f733020ed96849f55803d46448ad1dc5fb1a5533013672dafdc90d/pychrome-0.2.4.tar.gz", hash = "sha256:70392b6592e4d0a00e91324efd9c89f6e6e47fa31e7b38a69973dc6489453478", size = 11709, upload-time = "2023-07-10T14:08:48.999Z" }
wheels = [
    { url = "https://files.pythonhosted.org/packages/4a/11/b88e0b351b86350849e874a5d5dc52be3dd9a85dbe6c7aab40111ba2b49c/pychrome-0.2.4-py2.py3-none-any.whl", hash = "sha256:5deeeaaf51609d8a3fb5e2961652981150c4eefb50e223848b0e7520c00e6366", size = 8166, upload-time = "2023-07-10T14:08:47.193Z" },
]

[[package]]
name = "pycparser"
version = "3.0"
source = { registry = "https://pypi.org/simple" }
sdist = { url = "https://files.pythonhosted.org/packages/1b/7d/92392ff7815c21062bea51aa7b87d45576f649f16458d78b7cf94b9ab2e6/pycparser-3.0.tar.gz", hash = "sha256:600f49d217304a5902ac3c37e1281c9fe94e4d0489de643a9504c5cdfdfc6b29", size = 103492, upload-time = "2026-01-21T14:26:51.89Z" }
wheels = [
    { url = "https://files.pythonhosted.org/packages/0c/c3/44f3fbbfa403ea2a7c779186dc20772604442dde72947e7d01069cbe98e3/pycparser-3.0-py3-none-any.whl", hash = "sha256:b727414169a36b7d524c1c3e31839a521725078d7b2ff038656844266160a992", size = 48172, upload-time = "2026-01-21T14:26:50.693Z" },
]

[[package]]
name = "pysocks"
version = "1.7.1"
source = { registry = "https://pypi.org/simple" }
sdist = { url = "https://files.pythonhosted.org/packages/bd/11/293dd436aea955d45fc4e8a35b6ae7270f5b8e00b53cf6c024c83b657a11/PySocks-1.7.1.tar.gz", hash = "sha256:3f8804571ebe159c380ac6de37643bb4685970655d3bba243530d6558b799aa0", size = 284429, upload-time = "2019-09-20T02:07:35.714Z" }
wheels = [
    { url = "https://files.pythonhosted.org/packages/8d/59/b4572118e098ac8e46e399a1dd0f2d85403ce8bbaad9ec79373ed6badaf9/PySocks-1.7.1-py3-none-any.whl", hash = "sha256:2725bd0a9925919b9b51739eea5f9e2bae91e83288108a9ad338b2e3a4435ee5", size = 16725, upload-time = "2019-09-20T02:06:22.938Z" },
]

[[package]]
name = "pytest"
version = "7.4.4"
source = { registry = "https://pypi.org/simple" }
dependencies = [
    { name = "colorama", marker = "sys_platform == 'win32'" },
    { name = "exceptiongroup", marker = "python_full_version < '3.11'" },
    { name = "iniconfig" },
    { name = "packaging" },
    { name = "pluggy" },
    { name = "tomli", marker = "python_full_version < '3.11'" },
]
sdist = { url = "https://files.pythonhosted.org/packages/80/1f/9d8e98e4133ffb16c90f3b405c43e38d3abb715bb5d7a63a5a684f7e46a3/pytest-7.4.4.tar.gz", hash = "sha256:2cf0005922c6ace4a3e2ec8b4080eb0d9753fdc93107415332f50ce9e7994280", size = 1357116, upload-time = "2023-12-31T12:00:18.035Z" }
wheels = [
    { url = "https://files.pythonhosted.org/packages/51/ff/f6e8b8f39e08547faece4bd80f89d5a8de68a38b2d179cc1c4490ffa3286/pytest-7.4.4-py3-none-any.whl", hash = "sha256:b090cdf5ed60bf4c45261be03239c2c1c22df034fbffe691abe93cd80cea01d8", size = 325287, upload-time = "2023-12-31T12:00:13.963Z" },
]

[[package]]
name = "requests"
version = "2.31.0"
source = { registry = "https://pypi.org/simple" }
dependencies = [
    { name = "certifi" },
    { name = "charset-normalizer" },
    { name = "idna" },
    { name = "urllib3" },
]
sdist = { url = "https://files.pythonhosted.org/packages/9d/be/10918a2eac4ae9f02f6cfe6414b7a155ccd8f7f9d4380d62fd5b955065c3/requests-2.31.0.tar.gz", hash = "sha256:942c5a758f98d790eaed1a29cb6eefc7ffb0d1cf7af05c3d2791656dbd6ad1e1", size = 110794, upload-time = "2023-05-22T15:12:44.175Z" }
wheels = [
    { url = "https://files.pythonhosted.org/packages/70/8e/0e2d847013cb52cd35b38c009bb167a1a26b2ce6cd6965bf26b47bc0bf44/requests-2.31.0-py3-none-any.whl", hash = "sha256:58cd2187c01e70e6e26505bca751777aa9f2ee0b7f4300988b709f44e013003f", size = 62574, upload-time = "2023-05-22T15:12:42.313Z" },
]

[[package]]
name = "sdet-ui"
version = "0.1.0"
source = { virtual = "." }
dependencies = [
    { name = "attrs" },
    { name = "certifi" },
    { name = "charset-normalizer" },
    { name = "click" },
    { name = "exceptiongroup" },
    { name = "h11" },
    { name = "idna" },
    { name = "iniconfig" },
    { name = "outcome" },
    { name = "packaging" },
    { name = "pluggy" },
    { name = "pychrome" },
    { name = "pysocks" },
    { name = "pytest" },
    { name = "requests" },
    { name = "selenium" },
    { name = "selenium-page-factory" },
    { name = "sniffio" },
    { name = "sortedcontainers" },
    { name = "tomli" },
    { name = "trio" },
    { name = "trio-websocket" },
    { name = "urllib3" },
    { name = "websocket-client" },
    { name = "wsproto" },
]

[package.metadata]
requires-dist = [
    { name = "attrs", specifier = "==23.2.0" },
    { name = "certifi", specifier = "==2023.11.17" },
    { name = "charset-normalizer", specifier = "==3.3.2" },
    { name = "click", specifier = "==8.1.7" },
    { name = "exceptiongroup", specifier = "==1.2.0" },
    { name = "h11", specifier = "==0.14.0" },
    { name = "idna", specifier = "==3.6" },
    { name = "iniconfig", specifier = "==2.0.0" },
    { name = "outcome", specifier = "==1.3.0.post0" },
    { name = "packaging", specifier = "==23.2" },
    { name = "pluggy", specifier = "==1.3.0" },
    { name = "pychrome", specifier = "==0.2.4" },
    { name = "pysocks", specifier = "==1.7.1" },
    { name = "pytest", specifier = "==7.4.4" },
    { name = "requests", specifier = "==2.31.0" },
    { name = "selenium", specifier = "==4.16.0" },
    { name = "selenium-page-factory", specifier = "==2.6" },
    { name = "sniffio", specifier = "==1.3.0" },
    { name = "sortedcontainers", specifier = "==2.4.0" },
    { name = "tomli", specifier = "==2.0.1" },
    { name = "trio", specifier = "==0.24.0" },
    { name = "trio-websocket", specifier = "==0.11.1" },
    { name = "urllib3", specifier = "==2.1.0" },
    { name = "websocket-client", specifier = "==1.7.0" },
    { name = "wsproto", specifier = "==1.2.0" },
]

[[package]]
name = "selenium"
version = "4.16.0"
source = { registry = "https://pypi.org/simple" }
dependencies = [
    { name = "certifi" },
    { name = "trio" },
    { name = "trio-websocket" },
    { name = "urllib3", extra = ["socks"] },
]
sdist = { url = "https://files.pythonhosted.org/packages/16/fd/a0ef793383077dd6296e4637acc82d1e9893e9a49a47f56e96996909e427/selenium-4.16.0.tar.gz", hash = "sha256:b2e987a445306151f7be0e6dfe2aa72a479c2ac6a91b9d5ef2d6dd4e49ad0435", size = 9741404, upload-time = "2023-12-06T14:23:30.277Z" }
wheels = [
    { url = "https://files.pythonhosted.org/packages/dc/72/96b5afa16908f9abc7c24b70adfd3a46c9740eb728ddfeab28379e38eaf9/selenium-4.16.0-py3-none-any.whl", hash = "sha256:aec71f4e6ed6cb3ec25c9c1b5ed56ae31b6da0a7f17474c7566d303f84e6219f", size = 9966091, upload-time = "2023-12-06T14:23:21.635Z" },
]

[[package]]
name = "selenium-page-factory"
version = "2.6"
source = { registry = "https://pypi.org/simple" }
dependencies = [
    { name = "selenium" },
]
sdist = { url = "https://files.pythonhosted.org/packages/7d/cb/0c3c4e4290e171d7f0641488640b080bc4eca459395964353f4a95ea34b7/selenium-page-factory-2.6.tar.gz", hash = "sha256:1784916fa9a2a07707878acc30edec2e2a2db077e3c3b8203a72c816f77c26fb", size = 6490, upload-time = "2023-03-19T05:31:14.295Z" }

[[package]]
name = "sniffio"
version = "1.3.0"
source = { registry = "https://pypi.org/simple" }
sdist = { url = "https://files.pythonhosted.org/packages/cd/50/d49c388cae4ec10e8109b1b833fd265511840706808576df3ada99ecb0ac/sniffio-1.3.0.tar.gz", hash = "sha256:e60305c5e5d314f5389259b7f22aaa33d8f7dee49763119234af3755c55b9101", size = 17103, upload-time = "2022-09-01T12:31:36.968Z" }
wheels = [
    { url = "https://files.pythonhosted.org/packages/c3/a0/5dba8ed157b0136607c7f2151db695885606968d1fae123dc3391e0cfdbf/sniffio-1.3.0-py3-none-any.whl", hash = "sha256:eecefdce1e5bbfb7ad2eeaabf7c1eeb404d7757c379bd1f7e5cce9d8bf425384", size = 10165, upload-time = "2022-09-01T12:31:34.186Z" },
]

[[package]]
name = "sortedcontainers"
version = "2.4.0"
source = { registry = "https://pypi.org/simple" }
sdist = { url = "https://files.pythonhosted.org/packages/e8/c4/ba2f8066cceb6f23394729afe52f3bf7adec04bf9ed2c820b39e19299111/sortedcontainers-2.4.0.tar.gz", hash = "sha256:25caa5a06cc30b6b83d11423433f65d1f9d76c4c6a0c90e3379eaa43b9bfdb88", size = 30594, upload-time = "2021-05-16T22:03:42.897Z" }
wheels = [
    { url = "https://files.pythonhosted.org/packages/32/46/9cb0e58b2deb7f82b84065f37f3bffeb12413f947f9388e4cac22c4621ce/sortedcontainers-2.4.0-py2.py3-none-any.whl", hash = "sha256:a163dcaede0f1c021485e957a39245190e74249897e2ae4b2aa38595db237ee0", size = 29575, upload-time = "2021-05-16T22:03:41.177Z" },
]

[[package]]
name = "tomli"
version = "2.0.1"
source = { registry = "https://pypi.org/simple" }
sdist = { url = "https://files.pythonhosted.org/packages/c0/3f/d7af728f075fb08564c5949a9c95e44352e23dee646869fa104a3b2060a3/tomli-2.0.1.tar.gz", hash = "sha256:de526c12914f0c550d15924c62d72abc48d6fe7364aa87328337a31007fe8a4f", size = 15164, upload-time = "2022-02-08T10:54:04.006Z" }
wheels = [
    { url = "https://files.pythonhosted.org/packages/97/75/10a9ebee3fd790d20926a90a2547f0bf78f371b2f13aa822c759680ca7b9/tomli-2.0.1-py3-none-any.whl", hash = "sha256:939de3e7a6161af0c887ef91b7d41a53e7c5a1ca976325f429cb46ea9bc30ecc", size = 12757, upload-time = "2022-02-08T10:54:02.017Z" },
]

[[package]]
name = "trio"
version = "0.24.0"
source = { registry = "https://pypi.org/simple" }
dependencies = [
    { name = "attrs" },
    { name = "cffi", marker = "implementation_name != 'pypy' and os_name == 'nt'" },
    { name = "exceptiongroup", marker = "python_full_version < '3.11'" },
    { name = "idna" },
    { name = "outcome" },
    { name = "sniffio" },
    { name = "sortedcontainers" },
]
sdist = { url = "https://files.pythonhosted.org/packages/8a/f3/07c152213222c615fe2391b8e1fea0f5af83599219050a549c20fcbd9ba2/trio-0.24.0.tar.gz", hash = "sha256:ffa09a74a6bf81b84f8613909fb0beaee84757450183a7a2e0b47b455c0cac5d", size = 545131, upload-time = "2024-01-10T03:29:21.671Z" }
wheels = [
    { url = "https://files.pythonhosted.org/packages/14/fb/9299cf74953f473a15accfdbe2c15218e766bae8c796f2567c83bae03e98/trio-0.24.0-py3-none-any.whl", hash = "sha256:c3bd3a4e3e3025cd9a2241eae75637c43fe0b9e88b4c97b9161a55b9e54cd72c", size = 460205, upload-time = "2024-01-10T03:29:20.165Z" },
]

[[package]]
name = "trio-websocket"
version = "0.11.1"
source = { registry = "https://pypi.org/simple" }
dependencies = [
    { name = "exceptiongroup", marker = "python_full_version < '3.11'" },
    { name = "trio" },
    { name = "wsproto" },
]
sdist = { url = "https://files.pythonhosted.org/packages/dd/36/abad2385853077424a11b818d9fd8350d249d9e31d583cb9c11cd4c85eda/trio-websocket-0.11.1.tar.gz", hash = "sha256:18c11793647703c158b1f6e62de638acada927344d534e3c7628eedcb746839f", size = 26511, upload-time = "2023-09-26T23:24:58.753Z" }
wheels = [
    { url = "https://files.pythonhosted.org/packages/48/be/a9ae5f50cad5b6f85bd2574c2c923730098530096e170c1ce7452394d7aa/trio_websocket-0.11.1-py3-none-any.whl", hash = "sha256:520d046b0d030cf970b8b2b2e00c4c2245b3807853ecd44214acd33d74581638", size = 17408, upload-time = "2023-09-26T23:24:56.788Z" },
]

[[package]]
name = "urllib3"
version = "2.1.0"
source = { registry = "https://pypi.org/simple" }
sdist = { url = "https://files.pythonhosted.org/packages/36/dd/a6b232f449e1bc71802a5b7950dc3675d32c6dbc2a1bd6d71f065551adb6/urllib3-2.1.0.tar.gz", hash = "sha256:df7aa8afb0148fa78488e7899b2c59b5f4ffcfa82e6c54ccb9dd37c1d7b52d54", size = 263900, upload-time = "2023-11-13T12:29:45.049Z" }
wheels = [
    { url = "https://files.pythonhosted.org/packages/96/94/c31f58c7a7f470d5665935262ebd7455c7e4c7782eb525658d3dbf4b9403/urllib3-2.1.0-py3-none-any.whl", hash = "sha256:55901e917a5896a349ff771be919f8bd99aff50b79fe58fec595eb37bbc56bb3", size = 104579, upload-time = "2023-11-13T12:29:42.719Z" },
]

[package.optional-dependencies]
socks = [
    { name = "pysocks" },
]

[[package]]
name = "websocket-client"
version = "1.7.0"
source = { registry = "https://pypi.org/simple" }
sdist = { url = "https://files.pythonhosted.org/packages/20/07/2a94288afc0f6c9434d6709c5320ee21eaedb2f463ede25ed9cf6feff330/websocket-client-1.7.0.tar.gz", hash = "sha256:10e511ea3a8c744631d3bd77e61eb17ed09304c413ad42cf6ddfa4c7787e8fe6", size = 54037, upload-time = "2023-12-03T15:58:47.596Z" }
wheels = [
    { url = "https://files.pythonhosted.org/packages/1e/70/1e88138a9afbed1d37093b85f0bebc3011623c4f47c166431599fe9d6c93/websocket_client-1.7.0-py3-none-any.whl", hash = "sha256:f4c3d22fec12a2461427a29957ff07d35098ee2d976d3ba244e688b8b4057588", size = 58462, upload-time = "2023-12-03T15:58:45.15Z" },
]

[[package]]
name = "wsproto"
version = "1.2.0"
source = { registry = "https://pypi.org/simple" }
dependencies = [
    { name = "h11" },
]
sdist = { url = "https://files.pythonhosted.org/packages/c9/4a/44d3c295350d776427904d73c189e10aeae66d7f555bb2feee16d1e4ba5a/wsproto-1.2.0.tar.gz", hash = "sha256:ad565f26ecb92588a3e43bc3d96164de84cd9902482b130d0ddbaa9664a85065", size = 53425, upload-time = "2022-08-23T19:58:21.447Z" }
wheels = [
    { url = "https://files.pythonhosted.org/packages/78/58/e860788190eba3bcce367f74d29c4675466ce8dddfba85f7827588416f01/wsproto-1.2.0-py3-none-any.whl", hash = "sha256:b9acddd652b585d75b20477888c56642fdade28bdfd3579aa24a4d2c037dd736", size = 24226, upload-time = "2022-08-23T19:58:19.96Z" },
]
